{
  "name": "tree-sitter-tricore",
  "version": "0.0.27",
  "lockfileVersion": 2,
  "requires": true,
  "packages": {
    "": {
      "name": "tree-sitter-tricore",
      "version": "0.0.27",
      "license": "MIT",
      "dependencies": {
        "@types/node": "^18.11.18",
        "nan": "^2.12.1",
        "web-tree-sitter": "^0.20.7"
      },
      "devDependencies": {
        "tree-sitter-cli": "^0.20.0"
      }
    },
    "node_modules/@types/node": {
      "version": "18.11.18",
      "resolved": "https://devnpm.bmwgroup.net:443/@types%2fnode/-/node-18.11.18.tgz",
      "integrity": "sha512-DHQpWGjyQKSHj3ebjFI/wRKcqQcdR+MoFBygntYOZytCqNfkd2ZC4ARDJ2DQqhjH5p85Nnd3jhUJIXrszFX/JA=="
    },
    "node_modules/nan": {
      "version": "2.16.0",
      "resolved": "https://devnpm.bmwgroup.net:443/nan/-/nan-2.16.0.tgz",
      "integrity": "sha512-UdAqHyFngu7TfQKsCBgAA6pWDkT8MAO7d0jyOecVhN5354xbLqdn8mV9Tat9gepAupm0bt2DbeaSC8vS52MuFA==",
      "license": "MIT"
    },
    "node_modules/tree-sitter-cli": {
      "version": "0.20.7",
      "resolved": "https://devnpm.bmwgroup.net:443/tree-sitter-cli/-/tree-sitter-cli-0.20.7.tgz",
      "integrity": "sha512-MHABT8oCPr4D0fatsPo6ATQ9H4h9vHpPRjlxkxJs80tpfAEKGn6A1zU3eqfCKBcgmfZDe9CiL3rKOGMzYHwA3w==",
      "dev": true,
      "bin": {
        "tree-sitter": "cli.js"
      }
    },
    "node_modules/web-tree-sitter": {
      "version": "0.20.7",
      "resolved": "https://devnpm.bmwgroup.net:443/web-tree-sitter/-/web-tree-sitter-0.20.7.tgz",
      "integrity": "sha512-flC9JJmTII9uAeeYpWF8hxDJ7bfY+leldQryetll8Nv4WgI+MXc6h7TiyAZASWl9uC9TvmfdgOjZn1DAQecb3A=="
    }
  },
  "dependencies": {
    "@types/node": {
      "version": "18.11.18",
      "resolved": "https://devnpm.bmwgroup.net:443/@types%2fnode/-/node-18.11.18.tgz",
      "integrity": "sha512-DHQpWGjyQKSHj3ebjFI/wRKcqQcdR+MoFBygntYOZytCqNfkd2ZC4ARDJ2DQqhjH5p85Nnd3jhUJIXrszFX/JA=="
    },
    "nan": {
      "version": "2.16.0",
      "resolved": "https://devnpm.bmwgroup.net:443/nan/-/nan-2.16.0.tgz",
      "integrity": "sha512-UdAqHyFngu7TfQKsCBgAA6pWDkT8MAO7d0jyOecVhN5354xbLqdn8mV9Tat9gepAupm0bt2DbeaSC8vS52MuFA=="
    },
    "tree-sitter-cli": {
      "version": "0.20.7",
      "resolved": "https://devnpm.bmwgroup.net:443/tree-sitter-cli/-/tree-sitter-cli-0.20.7.tgz",
      "integrity": "sha512-MHABT8oCPr4D0fatsPo6ATQ9H4h9vHpPRjlxkxJs80tpfAEKGn6A1zU3eqfCKBcgmfZDe9CiL3rKOGMzYHwA3w==",
      "dev": true
    },
    "web-tree-sitter": {
      "version": "0.20.7",
      "resolved": "https://devnpm.bmwgroup.net:443/web-tree-sitter/-/web-tree-sitter-0.20.7.tgz",
      "integrity": "sha512-flC9JJmTII9uAeeYpWF8hxDJ7bfY+leldQryetll8Nv4WgI+MXc6h7TiyAZASWl9uC9TvmfdgOjZn1DAQecb3A=="
    }
  }
}
